
Microsoft Visual Studio Solution File, Format Version 12.00
# Visual Studio Version 16
VisualStudioVersion = 16.0.30717.126
MinimumVisualStudioVersion = 10.0.40219.1
Project("{FAE04EC0-301F-11D3-BF4B-00C04F79EFBC}") = "PictureFinder", "PictureFinder\PictureFinder.csproj", "{F3E37C34-FAD2-46CF-9452-EB0E60CB8438}"
EndProject
Global
	GlobalSection(SolutionConfigurationPlatforms) = preSolution
		Debug|Any CPU = Debug|Any CPU
		Release|Any CPU = Release|Any CPU
	EndGlobalSection
	GlobalSection(ProjectConfigurationPlatforms) = postSolution
		{F3E37C34-FAD2-46CF-9452-EB0E60CB8438}.Debug|Any CPU.ActiveCfg = Debug|Any CPU
		{F3E37C34-FAD2-46CF-9452-EB0E60CB8438}.Debug|Any CPU.Build.0 = Debug|Any CPU
		{F3E37C34-FAD2-46CF-9452-EB0E60CB8438}.Release|Any CPU.ActiveCfg = Release|Any CPU
		{F3E37C34-FAD2-46CF-9452-EB0E60CB8438}.Release|Any CPU.Build.0 = Release|Any CPU
	EndGlobalSection
	GlobalSection(SolutionProperties) = preSolution
		HideSolutionNode = FALSE
	EndGlobalSection
	GlobalSection(ExtensibilityGlobals) = postSolution
		SolutionGuid = {4BA9578C-E20C-4F82-81AB-4FB9AA59506E}
	EndGlobalSection
EndGlobal
